
Microsoft Visual Studio Solution File, Format Version 12.00
# Visual Studio Version 17
VisualStudioVersion = 17.0.31903.59
MinimumVisualStudioVersion = 10.0.40219.1
Project("{2150E333-8FDC-42A3-9474-1A3956D46DE8}") = "Problems", "Problems", "{FE757D38-D832-4E46-98CF-95C5386945FC}"
EndProject
Project("{FAE04EC0-301F-11D3-BF4B-00C04F79EFBC}") = "1", "Problems\1\1.csproj", "{3CAE5A59-8033-49AA-AE5A-FCD924842DED}"
EndProject
Project("{FAE04EC0-301F-11D3-BF4B-00C04F79EFBC}") = "1046", "Problems\1046\1046.csproj", "{C4BB2401-33F3-4F4F-AD4F-F1E50DB7BD7A}"
EndProject
Project("{FAE04EC0-301F-11D3-BF4B-00C04F79EFBC}") = "121", "Problems\121\121.csproj", "{B130BBA5-EC29-4686-A94E-07963E54FE27}"
EndProject
Project("{FAE04EC0-301F-11D3-BF4B-00C04F79EFBC}") = "1221", "Problems\1221\1221.csproj", "{0067695D-BE09-4DF5-809E-9A926592EF84}"
EndProject
Project("{FAE04EC0-301F-11D3-BF4B-00C04F79EFBC}") = "1281", "Problems\1281\1281.csproj", "{B4C2D207-5CCB-491F-8859-EE6C41059129}"
EndProject
Project("{FAE04EC0-301F-11D3-BF4B-00C04F79EFBC}") = "1282", "Problems\1282\1282.csproj", "{5C6DB881-54F4-4501-A065-6CC5A9D0AB2E}"
EndProject
Project("{FAE04EC0-301F-11D3-BF4B-00C04F79EFBC}") = "1290", "Problems\1290\1290.csproj", "{877DFC66-4097-4580-B1A6-44888F0A967B}"
EndProject
Project("{FAE04EC0-301F-11D3-BF4B-00C04F79EFBC}") = "1302", "Problems\1302\1302.csproj", "{BEA9C154-C288-4DF3-9396-B0A07C057372}"
EndProject
Project("{FAE04EC0-301F-11D3-BF4B-00C04F79EFBC}") = "1304", "Problems\1304\1304.csproj", "{3AE802E4-2254-4B02-A531-A21722141F95}"
EndProject
Project("{FAE04EC0-301F-11D3-BF4B-00C04F79EFBC}") = "1370", "Problems\1370\1370.csproj", "{DB5B3B6E-235C-47C1-B066-86598EAFB3CA}"
EndProject
Project("{FAE04EC0-301F-11D3-BF4B-00C04F79EFBC}") = "1403", "Problems\1403\1403.csproj", "{D66E71B9-E3D3-4EF5-BDD2-36A2CD682584}"
EndProject
Project("{FAE04EC0-301F-11D3-BF4B-00C04F79EFBC}") = "1534", "Problems\1534\1534.csproj", "{0073ECAD-7757-412E-B5A0-E81EBB9F2032}"
EndProject
Project("{FAE04EC0-301F-11D3-BF4B-00C04F79EFBC}") = "1603", "Problems\1603\1603.csproj", "{30D90F23-D695-4E38-8D75-BD7A7AD3D528}"
EndProject
Project("{FAE04EC0-301F-11D3-BF4B-00C04F79EFBC}") = "169", "Problems\169\169.csproj", "{D9F9A97D-A2D6-4E41-B337-2090167A6632}"
EndProject
Project("{FAE04EC0-301F-11D3-BF4B-00C04F79EFBC}") = "1784", "Problems\1784\1784.csproj", "{84E70D50-FC6F-47CF-8A37-5C819A73F3B7}"
EndProject
Project("{FAE04EC0-301F-11D3-BF4B-00C04F79EFBC}") = "1828", "Problems\1828\1828.csproj", "{6D138D30-CF92-4BBB-B07C-1B004FE9445F}"
EndProject
Project("{FAE04EC0-301F-11D3-BF4B-00C04F79EFBC}") = "1844", "Problems\1844\1844.csproj", "{5F2E1D8B-3BCF-4DF0-8D71-C301EBC412DD}"
EndProject
Project("{FAE04EC0-301F-11D3-BF4B-00C04F79EFBC}") = "1869", "Problems\1869\1869.csproj", "{EFE3B7EB-0182-4317-A44D-8836EC5F891D}"
EndProject
Project("{FAE04EC0-301F-11D3-BF4B-00C04F79EFBC}") = "1880", "Problems\1880\1880.csproj", "{6BA5BA8C-8E28-478E-B29A-C072936657AF}"
EndProject
Project("{FAE04EC0-301F-11D3-BF4B-00C04F79EFBC}") = "1941", "Problems\1941\1941.csproj", "{E7B4E70B-3A4F-425B-9E2D-94BEBE1908F1}"
EndProject
Project("{FAE04EC0-301F-11D3-BF4B-00C04F79EFBC}") = "1967", "Problems\1967\1967.csproj", "{10477E8E-B924-42F6-9D26-406261377AA1}"
EndProject
Project("{FAE04EC0-301F-11D3-BF4B-00C04F79EFBC}") = "1974", "Problems\1974\1974.csproj", "{327E04D0-B640-4C00-808A-F6CAFD75829E}"
EndProject
Project("{FAE04EC0-301F-11D3-BF4B-00C04F79EFBC}") = "200", "Problems\200\200.csproj", "{0DFF6214-FB7C-4360-A1D0-6F6A204FB741}"
EndProject
Project("{FAE04EC0-301F-11D3-BF4B-00C04F79EFBC}") = "2021", "Problems\2021\2021.csproj", "{D933B8E3-13CB-4F4D-9C61-7FCD21C7316E}"
EndProject
Project("{FAE04EC0-301F-11D3-BF4B-00C04F79EFBC}") = "2114", "Problems\2114\2114.csproj", "{0712ECF1-A981-46F8-981B-E7EC31E4AA6E}"
EndProject
Project("{FAE04EC0-301F-11D3-BF4B-00C04F79EFBC}") = "2124", "Problems\2124\2124.csproj", "{65C1F509-2598-43BA-8D5D-4981047ACAC7}"
EndProject
Project("{FAE04EC0-301F-11D3-BF4B-00C04F79EFBC}") = "278", "Problems\278\278.csproj", "{1413F323-F378-45C3-A880-E62F9D4E5C9E}"
EndProject
Project("{FAE04EC0-301F-11D3-BF4B-00C04F79EFBC}") = "33", "Problems\33\33.csproj", "{0EA75C1C-0A15-48DF-8E06-AEF520C46643}"
EndProject
Project("{FAE04EC0-301F-11D3-BF4B-00C04F79EFBC}") = "448", "Problems\448\448.csproj", "{66A00C93-E31C-433A-9A93-24E4A501E7EB}"
EndProject
Project("{FAE04EC0-301F-11D3-BF4B-00C04F79EFBC}") = "46", "Problems\46\46.csproj", "{0695554C-59A3-43F0-ADEE-9F05416AFE89}"
EndProject
Project("{FAE04EC0-301F-11D3-BF4B-00C04F79EFBC}") = "55", "Problems\55\55.csproj", "{812E7E61-6219-4B8C-9CA5-D3C9B396098A}"
EndProject
Project("{FAE04EC0-301F-11D3-BF4B-00C04F79EFBC}") = "704", "Problems\704\704.csproj", "{0FC3C56E-A04A-48E7-93D1-14E8A5EB605D}"
EndProject
Project("{FAE04EC0-301F-11D3-BF4B-00C04F79EFBC}") = "74", "Problems\74\74.csproj", "{9C7564B1-C68A-4CFA-8540-752F7385A5A1}"
EndProject
Project("{FAE04EC0-301F-11D3-BF4B-00C04F79EFBC}") = "745", "Problems\745\745.csproj", "{2174976C-9C31-489A-B36A-967EE5603AFD}"
EndProject
Project("{FAE04EC0-301F-11D3-BF4B-00C04F79EFBC}") = "876", "Problems\876\876.csproj", "{9901959C-07F2-42BB-8C4E-0C1F46034880}"
EndProject
Project("{FAE04EC0-301F-11D3-BF4B-00C04F79EFBC}") = "910", "Problems\910\910.csproj", "{E60DF9AF-7817-4C84-996D-824605055BB5}"
EndProject
Global
	GlobalSection(SolutionConfigurationPlatforms) = preSolution
		Debug|Any CPU = Debug|Any CPU
		Release|Any CPU = Release|Any CPU
	EndGlobalSection
	GlobalSection(SolutionProperties) = preSolution
		HideSolutionNode = FALSE
	EndGlobalSection
	GlobalSection(NestedProjects) = preSolution
		{3CAE5A59-8033-49AA-AE5A-FCD924842DED} = {FE757D38-D832-4E46-98CF-95C5386945FC}
		{C4BB2401-33F3-4F4F-AD4F-F1E50DB7BD7A} = {FE757D38-D832-4E46-98CF-95C5386945FC}
		{B130BBA5-EC29-4686-A94E-07963E54FE27} = {FE757D38-D832-4E46-98CF-95C5386945FC}
		{0067695D-BE09-4DF5-809E-9A926592EF84} = {FE757D38-D832-4E46-98CF-95C5386945FC}
		{B4C2D207-5CCB-491F-8859-EE6C41059129} = {FE757D38-D832-4E46-98CF-95C5386945FC}
		{5C6DB881-54F4-4501-A065-6CC5A9D0AB2E} = {FE757D38-D832-4E46-98CF-95C5386945FC}
		{877DFC66-4097-4580-B1A6-44888F0A967B} = {FE757D38-D832-4E46-98CF-95C5386945FC}
		{BEA9C154-C288-4DF3-9396-B0A07C057372} = {FE757D38-D832-4E46-98CF-95C5386945FC}
		{3AE802E4-2254-4B02-A531-A21722141F95} = {FE757D38-D832-4E46-98CF-95C5386945FC}
		{DB5B3B6E-235C-47C1-B066-86598EAFB3CA} = {FE757D38-D832-4E46-98CF-95C5386945FC}
		{D66E71B9-E3D3-4EF5-BDD2-36A2CD682584} = {FE757D38-D832-4E46-98CF-95C5386945FC}
		{0073ECAD-7757-412E-B5A0-E81EBB9F2032} = {FE757D38-D832-4E46-98CF-95C5386945FC}
		{30D90F23-D695-4E38-8D75-BD7A7AD3D528} = {FE757D38-D832-4E46-98CF-95C5386945FC}
		{D9F9A97D-A2D6-4E41-B337-2090167A6632} = {FE757D38-D832-4E46-98CF-95C5386945FC}
		{84E70D50-FC6F-47CF-8A37-5C819A73F3B7} = {FE757D38-D832-4E46-98CF-95C5386945FC}
		{6D138D30-CF92-4BBB-B07C-1B004FE9445F} = {FE757D38-D832-4E46-98CF-95C5386945FC}
		{5F2E1D8B-3BCF-4DF0-8D71-C301EBC412DD} = {FE757D38-D832-4E46-98CF-95C5386945FC}
		{EFE3B7EB-0182-4317-A44D-8836EC5F891D} = {FE757D38-D832-4E46-98CF-95C5386945FC}
		{6BA5BA8C-8E28-478E-B29A-C072936657AF} = {FE757D38-D832-4E46-98CF-95C5386945FC}
		{E7B4E70B-3A4F-425B-9E2D-94BEBE1908F1} = {FE757D38-D832-4E46-98CF-95C5386945FC}
		{10477E8E-B924-42F6-9D26-406261377AA1} = {FE757D38-D832-4E46-98CF-95C5386945FC}
		{327E04D0-B640-4C00-808A-F6CAFD75829E} = {FE757D38-D832-4E46-98CF-95C5386945FC}
		{0DFF6214-FB7C-4360-A1D0-6F6A204FB741} = {FE757D38-D832-4E46-98CF-95C5386945FC}
		{D933B8E3-13CB-4F4D-9C61-7FCD21C7316E} = {FE757D38-D832-4E46-98CF-95C5386945FC}
		{0712ECF1-A981-46F8-981B-E7EC31E4AA6E} = {FE757D38-D832-4E46-98CF-95C5386945FC}
		{65C1F509-2598-43BA-8D5D-4981047ACAC7} = {FE757D38-D832-4E46-98CF-95C5386945FC}
		{1413F323-F378-45C3-A880-E62F9D4E5C9E} = {FE757D38-D832-4E46-98CF-95C5386945FC}
		{0EA75C1C-0A15-48DF-8E06-AEF520C46643} = {FE757D38-D832-4E46-98CF-95C5386945FC}
		{66A00C93-E31C-433A-9A93-24E4A501E7EB} = {FE757D38-D832-4E46-98CF-95C5386945FC}
		{0695554C-59A3-43F0-ADEE-9F05416AFE89} = {FE757D38-D832-4E46-98CF-95C5386945FC}
		{812E7E61-6219-4B8C-9CA5-D3C9B396098A} = {FE757D38-D832-4E46-98CF-95C5386945FC}
		{0FC3C56E-A04A-48E7-93D1-14E8A5EB605D} = {FE757D38-D832-4E46-98CF-95C5386945FC}
		{9C7564B1-C68A-4CFA-8540-752F7385A5A1} = {FE757D38-D832-4E46-98CF-95C5386945FC}
		{2174976C-9C31-489A-B36A-967EE5603AFD} = {FE757D38-D832-4E46-98CF-95C5386945FC}
		{9901959C-07F2-42BB-8C4E-0C1F46034880} = {FE757D38-D832-4E46-98CF-95C5386945FC}
		{E60DF9AF-7817-4C84-996D-824605055BB5} = {FE757D38-D832-4E46-98CF-95C5386945FC}
	EndGlobalSection
	GlobalSection(ProjectConfigurationPlatforms) = postSolution
		{3CAE5A59-8033-49AA-AE5A-FCD924842DED}.Debug|Any CPU.ActiveCfg = Debug|Any CPU
		{3CAE5A59-8033-49AA-AE5A-FCD924842DED}.Debug|Any CPU.Build.0 = Debug|Any CPU
		{3CAE5A59-8033-49AA-AE5A-FCD924842DED}.Release|Any CPU.ActiveCfg = Release|Any CPU
		{3CAE5A59-8033-49AA-AE5A-FCD924842DED}.Release|Any CPU.Build.0 = Release|Any CPU
		{C4BB2401-33F3-4F4F-AD4F-F1E50DB7BD7A}.Debug|Any CPU.ActiveCfg = Debug|Any CPU
		{C4BB2401-33F3-4F4F-AD4F-F1E50DB7BD7A}.Debug|Any CPU.Build.0 = Debug|Any CPU
		{C4BB2401-33F3-4F4F-AD4F-F1E50DB7BD7A}.Release|Any CPU.ActiveCfg = Release|Any CPU
		{C4BB2401-33F3-4F4F-AD4F-F1E50DB7BD7A}.Release|Any CPU.Build.0 = Release|Any CPU
		{B130BBA5-EC29-4686-A94E-07963E54FE27}.Debug|Any CPU.ActiveCfg = Debug|Any CPU
		{B130BBA5-EC29-4686-A94E-07963E54FE27}.Debug|Any CPU.Build.0 = Debug|Any CPU
		{B130BBA5-EC29-4686-A94E-07963E54FE27}.Release|Any CPU.ActiveCfg = Release|Any CPU
		{B130BBA5-EC29-4686-A94E-07963E54FE27}.Release|Any CPU.Build.0 = Release|Any CPU
		{0067695D-BE09-4DF5-809E-9A926592EF84}.Debug|Any CPU.ActiveCfg = Debug|Any CPU
		{0067695D-BE09-4DF5-809E-9A926592EF84}.Debug|Any CPU.Build.0 = Debug|Any CPU
		{0067695D-BE09-4DF5-809E-9A926592EF84}.Release|Any CPU.ActiveCfg = Release|Any CPU
		{0067695D-BE09-4DF5-809E-9A926592EF84}.Release|Any CPU.Build.0 = Release|Any CPU
		{B4C2D207-5CCB-491F-8859-EE6C41059129}.Debug|Any CPU.ActiveCfg = Debug|Any CPU
		{B4C2D207-5CCB-491F-8859-EE6C41059129}.Debug|Any CPU.Build.0 = Debug|Any CPU
		{B4C2D207-5CCB-491F-8859-EE6C41059129}.Release|Any CPU.ActiveCfg = Release|Any CPU
		{B4C2D207-5CCB-491F-8859-EE6C41059129}.Release|Any CPU.Build.0 = Release|Any CPU
		{5C6DB881-54F4-4501-A065-6CC5A9D0AB2E}.Debug|Any CPU.ActiveCfg = Debug|Any CPU
		{5C6DB881-54F4-4501-A065-6CC5A9D0AB2E}.Debug|Any CPU.Build.0 = Debug|Any CPU
		{5C6DB881-54F4-4501-A065-6CC5A9D0AB2E}.Release|Any CPU.ActiveCfg = Release|Any CPU
		{5C6DB881-54F4-4501-A065-6CC5A9D0AB2E}.Release|Any CPU.Build.0 = Release|Any CPU
		{877DFC66-4097-4580-B1A6-44888F0A967B}.Debug|Any CPU.ActiveCfg = Debug|Any CPU
		{877DFC66-4097-4580-B1A6-44888F0A967B}.Debug|Any CPU.Build.0 = Debug|Any CPU
		{877DFC66-4097-4580-B1A6-44888F0A967B}.Release|Any CPU.ActiveCfg = Release|Any CPU
		{877DFC66-4097-4580-B1A6-44888F0A967B}.Release|Any CPU.Build.0 = Release|Any CPU
		{BEA9C154-C288-4DF3-9396-B0A07C057372}.Debug|Any CPU.ActiveCfg = Debug|Any CPU
		{BEA9C154-C288-4DF3-9396-B0A07C057372}.Debug|Any CPU.Build.0 = Debug|Any CPU
		{BEA9C154-C288-4DF3-9396-B0A07C057372}.Release|Any CPU.ActiveCfg = Release|Any CPU
		{BEA9C154-C288-4DF3-9396-B0A07C057372}.Release|Any CPU.Build.0 = Release|Any CPU
		{3AE802E4-2254-4B02-A531-A21722141F95}.Debug|Any CPU.ActiveCfg = Debug|Any CPU
		{3AE802E4-2254-4B02-A531-A21722141F95}.Debug|Any CPU.Build.0 = Debug|Any CPU
		{3AE802E4-2254-4B02-A531-A21722141F95}.Release|Any CPU.ActiveCfg = Release|Any CPU
		{3AE802E4-2254-4B02-A531-A21722141F95}.Release|Any CPU.Build.0 = Release|Any CPU
		{DB5B3B6E-235C-47C1-B066-86598EAFB3CA}.Debug|Any CPU.ActiveCfg = Debug|Any CPU
		{DB5B3B6E-235C-47C1-B066-86598EAFB3CA}.Debug|Any CPU.Build.0 = Debug|Any CPU
		{DB5B3B6E-235C-47C1-B066-86598EAFB3CA}.Release|Any CPU.ActiveCfg = Release|Any CPU
		{DB5B3B6E-235C-47C1-B066-86598EAFB3CA}.Release|Any CPU.Build.0 = Release|Any CPU
		{D66E71B9-E3D3-4EF5-BDD2-36A2CD682584}.Debug|Any CPU.ActiveCfg = Debug|Any CPU
		{D66E71B9-E3D3-4EF5-BDD2-36A2CD682584}.Debug|Any CPU.Build.0 = Debug|Any CPU
		{D66E71B9-E3D3-4EF5-BDD2-36A2CD682584}.Release|Any CPU.ActiveCfg = Release|Any CPU
		{D66E71B9-E3D3-4EF5-BDD2-36A2CD682584}.Release|Any CPU.Build.0 = Release|Any CPU
		{0073ECAD-7757-412E-B5A0-E81EBB9F2032}.Debug|Any CPU.ActiveCfg = Debug|Any CPU
		{0073ECAD-7757-412E-B5A0-E81EBB9F2032}.Debug|Any CPU.Build.0 = Debug|Any CPU
		{0073ECAD-7757-412E-B5A0-E81EBB9F2032}.Release|Any CPU.ActiveCfg = Release|Any CPU
		{0073ECAD-7757-412E-B5A0-E81EBB9F2032}.Release|Any CPU.Build.0 = Release|Any CPU
		{30D90F23-D695-4E38-8D75-BD7A7AD3D528}.Debug|Any CPU.ActiveCfg = Debug|Any CPU
		{30D90F23-D695-4E38-8D75-BD7A7AD3D528}.Debug|Any CPU.Build.0 = Debug|Any CPU
		{30D90F23-D695-4E38-8D75-BD7A7AD3D528}.Release|Any CPU.ActiveCfg = Release|Any CPU
		{30D90F23-D695-4E38-8D75-BD7A7AD3D528}.Release|Any CPU.Build.0 = Release|Any CPU
		{D9F9A97D-A2D6-4E41-B337-2090167A6632}.Debug|Any CPU.ActiveCfg = Debug|Any CPU
		{D9F9A97D-A2D6-4E41-B337-2090167A6632}.Debug|Any CPU.Build.0 = Debug|Any CPU
		{D9F9A97D-A2D6-4E41-B337-2090167A6632}.Release|Any CPU.ActiveCfg = Release|Any CPU
		{D9F9A97D-A2D6-4E41-B337-2090167A6632}.Release|Any CPU.Build.0 = Release|Any CPU
		{84E70D50-FC6F-47CF-8A37-5C819A73F3B7}.Debug|Any CPU.ActiveCfg = Debug|Any CPU
		{84E70D50-FC6F-47CF-8A37-5C819A73F3B7}.Debug|Any CPU.Build.0 = Debug|Any CPU
		{84E70D50-FC6F-47CF-8A37-5C819A73F3B7}.Release|Any CPU.ActiveCfg = Release|Any CPU
		{84E70D50-FC6F-47CF-8A37-5C819A73F3B7}.Release|Any CPU.Build.0 = Release|Any CPU
		{6D138D30-CF92-4BBB-B07C-1B004FE9445F}.Debug|Any CPU.ActiveCfg = Debug|Any CPU
		{6D138D30-CF92-4BBB-B07C-1B004FE9445F}.Debug|Any CPU.Build.0 = Debug|Any CPU
		{6D138D30-CF92-4BBB-B07C-1B004FE9445F}.Release|Any CPU.ActiveCfg = Release|Any CPU
		{6D138D30-CF92-4BBB-B07C-1B004FE9445F}.Release|Any CPU.Build.0 = Release|Any CPU
		{5F2E1D8B-3BCF-4DF0-8D71-C301EBC412DD}.Debug|Any CPU.ActiveCfg = Debug|Any CPU
		{5F2E1D8B-3BCF-4DF0-8D71-C301EBC412DD}.Debug|Any CPU.Build.0 = Debug|Any CPU
		{5F2E1D8B-3BCF-4DF0-8D71-C301EBC412DD}.Release|Any CPU.ActiveCfg = Release|Any CPU
		{5F2E1D8B-3BCF-4DF0-8D71-C301EBC412DD}.Release|Any CPU.Build.0 = Release|Any CPU
		{EFE3B7EB-0182-4317-A44D-8836EC5F891D}.Debug|Any CPU.ActiveCfg = Debug|Any CPU
		{EFE3B7EB-0182-4317-A44D-8836EC5F891D}.Debug|Any CPU.Build.0 = Debug|Any CPU
		{EFE3B7EB-0182-4317-A44D-8836EC5F891D}.Release|Any CPU.ActiveCfg = Release|Any CPU
		{EFE3B7EB-0182-4317-A44D-8836EC5F891D}.Release|Any CPU.Build.0 = Release|Any CPU
		{6BA5BA8C-8E28-478E-B29A-C072936657AF}.Debug|Any CPU.ActiveCfg = Debug|Any CPU
		{6BA5BA8C-8E28-478E-B29A-C072936657AF}.Debug|Any CPU.Build.0 = Debug|Any CPU
		{6BA5BA8C-8E28-478E-B29A-C072936657AF}.Release|Any CPU.ActiveCfg = Release|Any CPU
		{6BA5BA8C-8E28-478E-B29A-C072936657AF}.Release|Any CPU.Build.0 = Release|Any CPU
		{E7B4E70B-3A4F-425B-9E2D-94BEBE1908F1}.Debug|Any CPU.ActiveCfg = Debug|Any CPU
		{E7B4E70B-3A4F-425B-9E2D-94BEBE1908F1}.Debug|Any CPU.Build.0 = Debug|Any CPU
		{E7B4E70B-3A4F-425B-9E2D-94BEBE1908F1}.Release|Any CPU.ActiveCfg = Release|Any CPU
		{E7B4E70B-3A4F-425B-9E2D-94BEBE1908F1}.Release|Any CPU.Build.0 = Release|Any CPU
		{10477E8E-B924-42F6-9D26-406261377AA1}.Debug|Any CPU.ActiveCfg = Debug|Any CPU
		{10477E8E-B924-42F6-9D26-406261377AA1}.Debug|Any CPU.Build.0 = Debug|Any CPU
		{10477E8E-B924-42F6-9D26-406261377AA1}.Release|Any CPU.ActiveCfg = Release|Any CPU
		{10477E8E-B924-42F6-9D26-406261377AA1}.Release|Any CPU.Build.0 = Release|Any CPU
		{327E04D0-B640-4C00-808A-F6CAFD75829E}.Debug|Any CPU.ActiveCfg = Debug|Any CPU
		{327E04D0-B640-4C00-808A-F6CAFD75829E}.Debug|Any CPU.Build.0 = Debug|Any CPU
		{327E04D0-B640-4C00-808A-F6CAFD75829E}.Release|Any CPU.ActiveCfg = Release|Any CPU
		{327E04D0-B640-4C00-808A-F6CAFD75829E}.Release|Any CPU.Build.0 = Release|Any CPU
		{0DFF6214-FB7C-4360-A1D0-6F6A204FB741}.Debug|Any CPU.ActiveCfg = Debug|Any CPU
		{0DFF6214-FB7C-4360-A1D0-6F6A204FB741}.Debug|Any CPU.Build.0 = Debug|Any CPU
		{0DFF6214-FB7C-4360-A1D0-6F6A204FB741}.Release|Any CPU.ActiveCfg = Release|Any CPU
		{0DFF6214-FB7C-4360-A1D0-6F6A204FB741}.Release|Any CPU.Build.0 = Release|Any CPU
		{D933B8E3-13CB-4F4D-9C61-7FCD21C7316E}.Debug|Any CPU.ActiveCfg = Debug|Any CPU
		{D933B8E3-13CB-4F4D-9C61-7FCD21C7316E}.Debug|Any CPU.Build.0 = Debug|Any CPU
		{D933B8E3-13CB-4F4D-9C61-7FCD21C7316E}.Release|Any CPU.ActiveCfg = Release|Any CPU
		{D933B8E3-13CB-4F4D-9C61-7FCD21C7316E}.Release|Any CPU.Build.0 = Release|Any CPU
		{0712ECF1-A981-46F8-981B-E7EC31E4AA6E}.Debug|Any CPU.ActiveCfg = Debug|Any CPU
		{0712ECF1-A981-46F8-981B-E7EC31E4AA6E}.Debug|Any CPU.Build.0 = Debug|Any CPU
		{0712ECF1-A981-46F8-981B-E7EC31E4AA6E}.Release|Any CPU.ActiveCfg = Release|Any CPU
		{0712ECF1-A981-46F8-981B-E7EC31E4AA6E}.Release|Any CPU.Build.0 = Release|Any CPU
		{65C1F509-2598-43BA-8D5D-4981047ACAC7}.Debug|Any CPU.ActiveCfg = Debug|Any CPU
		{65C1F509-2598-43BA-8D5D-4981047ACAC7}.Debug|Any CPU.Build.0 = Debug|Any CPU
		{65C1F509-2598-43BA-8D5D-4981047ACAC7}.Release|Any CPU.ActiveCfg = Release|Any CPU
		{65C1F509-2598-43BA-8D5D-4981047ACAC7}.Release|Any CPU.Build.0 = Release|Any CPU
		{1413F323-F378-45C3-A880-E62F9D4E5C9E}.Debug|Any CPU.ActiveCfg = Debug|Any CPU
		{1413F323-F378-45C3-A880-E62F9D4E5C9E}.Debug|Any CPU.Build.0 = Debug|Any CPU
		{1413F323-F378-45C3-A880-E62F9D4E5C9E}.Release|Any CPU.ActiveCfg = Release|Any CPU
		{1413F323-F378-45C3-A880-E62F9D4E5C9E}.Release|Any CPU.Build.0 = Release|Any CPU
		{0EA75C1C-0A15-48DF-8E06-AEF520C46643}.Debug|Any CPU.ActiveCfg = Debug|Any CPU
		{0EA75C1C-0A15-48DF-8E06-AEF520C46643}.Debug|Any CPU.Build.0 = Debug|Any CPU
		{0EA75C1C-0A15-48DF-8E06-AEF520C46643}.Release|Any CPU.ActiveCfg = Release|Any CPU
		{0EA75C1C-0A15-48DF-8E06-AEF520C46643}.Release|Any CPU.Build.0 = Release|Any CPU
		{66A00C93-E31C-433A-9A93-24E4A501E7EB}.Debug|Any CPU.ActiveCfg = Debug|Any CPU
		{66A00C93-E31C-433A-9A93-24E4A501E7EB}.Debug|Any CPU.Build.0 = Debug|Any CPU
		{66A00C93-E31C-433A-9A93-24E4A501E7EB}.Release|Any CPU.ActiveCfg = Release|Any CPU
		{66A00C93-E31C-433A-9A93-24E4A501E7EB}.Release|Any CPU.Build.0 = Release|Any CPU
		{0695554C-59A3-43F0-ADEE-9F05416AFE89}.Debug|Any CPU.ActiveCfg = Debug|Any CPU
		{0695554C-59A3-43F0-ADEE-9F05416AFE89}.Debug|Any CPU.Build.0 = Debug|Any CPU
		{0695554C-59A3-43F0-ADEE-9F05416AFE89}.Release|Any CPU.ActiveCfg = Release|Any CPU
		{0695554C-59A3-43F0-ADEE-9F05416AFE89}.Release|Any CPU.Build.0 = Release|Any CPU
		{812E7E61-6219-4B8C-9CA5-D3C9B396098A}.Debug|Any CPU.ActiveCfg = Debug|Any CPU
		{812E7E61-6219-4B8C-9CA5-D3C9B396098A}.Debug|Any CPU.Build.0 = Debug|Any CPU
		{812E7E61-6219-4B8C-9CA5-D3C9B396098A}.Release|Any CPU.ActiveCfg = Release|Any CPU
		{812E7E61-6219-4B8C-9CA5-D3C9B396098A}.Release|Any CPU.Build.0 = Release|Any CPU
		{0FC3C56E-A04A-48E7-93D1-14E8A5EB605D}.Debug|Any CPU.ActiveCfg = Debug|Any CPU
		{0FC3C56E-A04A-48E7-93D1-14E8A5EB605D}.Debug|Any CPU.Build.0 = Debug|Any CPU
		{0FC3C56E-A04A-48E7-93D1-14E8A5EB605D}.Release|Any CPU.ActiveCfg = Release|Any CPU
		{0FC3C56E-A04A-48E7-93D1-14E8A5EB605D}.Release|Any CPU.Build.0 = Release|Any CPU
		{9C7564B1-C68A-4CFA-8540-752F7385A5A1}.Debug|Any CPU.ActiveCfg = Debug|Any CPU
		{9C7564B1-C68A-4CFA-8540-752F7385A5A1}.Debug|Any CPU.Build.0 = Debug|Any CPU
		{9C7564B1-C68A-4CFA-8540-752F7385A5A1}.Release|Any CPU.ActiveCfg = Release|Any CPU
		{9C7564B1-C68A-4CFA-8540-752F7385A5A1}.Release|Any CPU.Build.0 = Release|Any CPU
		{2174976C-9C31-489A-B36A-967EE5603AFD}.Debug|Any CPU.ActiveCfg = Debug|Any CPU
		{2174976C-9C31-489A-B36A-967EE5603AFD}.Debug|Any CPU.Build.0 = Debug|Any CPU
		{2174976C-9C31-489A-B36A-967EE5603AFD}.Release|Any CPU.ActiveCfg = Release|Any CPU
		{2174976C-9C31-489A-B36A-967EE5603AFD}.Release|Any CPU.Build.0 = Release|Any CPU
		{9901959C-07F2-42BB-8C4E-0C1F46034880}.Debug|Any CPU.ActiveCfg = Debug|Any CPU
		{9901959C-07F2-42BB-8C4E-0C1F46034880}.Debug|Any CPU.Build.0 = Debug|Any CPU
		{9901959C-07F2-42BB-8C4E-0C1F46034880}.Release|Any CPU.ActiveCfg = Release|Any CPU
		{9901959C-07F2-42BB-8C4E-0C1F46034880}.Release|Any CPU.Build.0 = Release|Any CPU
		{E60DF9AF-7817-4C84-996D-824605055BB5}.Debug|Any CPU.ActiveCfg = Debug|Any CPU
		{E60DF9AF-7817-4C84-996D-824605055BB5}.Debug|Any CPU.Build.0 = Debug|Any CPU
		{E60DF9AF-7817-4C84-996D-824605055BB5}.Release|Any CPU.ActiveCfg = Release|Any CPU
		{E60DF9AF-7817-4C84-996D-824605055BB5}.Release|Any CPU.Build.0 = Release|Any CPU
	EndGlobalSection
EndGlobal
